// !$*UTF8*$!
{
	archiveVersion = 1;
	classes = {
	};
	objectVersion = 48;
	objects = {

/* Begin PBXBuildFile section */
		9AEFA7D716EAFE7DC3F66090 /* Pods_OpenweatherApp.framework in Frameworks */ = {isa = PBXBuildFile; fileRef = 7C85B409ED4F55F342EA8599 /* Pods_OpenweatherApp.framework */; };
		A5178A3D2033109D00F0781E /* CityWeatherForecastJSONParser.swift in Sources */ = {isa = PBXBuildFile; fileRef = A5178A3C2033109C00F0781E /* CityWeatherForecastJSONParser.swift */; };
		A5CB4E07202C9DD400BB9E69 /* AppDelegate.swift in Sources */ = {isa = PBXBuildFile; fileRef = A5CB4E06202C9DD400BB9E69 /* AppDelegate.swift */; };
		A5CB4E09202C9DD400BB9E69 /* MainViewController.swift in Sources */ = {isa = PBXBuildFile; fileRef = A5CB4E08202C9DD400BB9E69 /* MainViewController.swift */; };
		A5CB4E0C202C9DD400BB9E69 /* Main.storyboard in Resources */ = {isa = PBXBuildFile; fileRef = A5CB4E0A202C9DD400BB9E69 /* Main.storyboard */; };
		A5CB4E0E202C9DD400BB9E69 /* Assets.xcassets in Resources */ = {isa = PBXBuildFile; fileRef = A5CB4E0D202C9DD400BB9E69 /* Assets.xcassets */; };
		A5CB4E11202C9DD400BB9E69 /* LaunchScreen.storyboard in Resources */ = {isa = PBXBuildFile; fileRef = A5CB4E0F202C9DD400BB9E69 /* LaunchScreen.storyboard */; };
		A5CB4E1C202C9DD400BB9E69 /* OpenweatherAppTests.swift in Sources */ = {isa = PBXBuildFile; fileRef = A5CB4E1B202C9DD400BB9E69 /* OpenweatherAppTests.swift */; };
		A5CB4E28202C9F7200BB9E69 /* MainViewProtocol.swift in Sources */ = {isa = PBXBuildFile; fileRef = A5CB4E27202C9F7200BB9E69 /* MainViewProtocol.swift */; };
		A5CB4E2A202C9FBF00BB9E69 /* MainPresenterProtocol.swift in Sources */ = {isa = PBXBuildFile; fileRef = A5CB4E29202C9FBF00BB9E69 /* MainPresenterProtocol.swift */; };
		A5CB4E2C202C9FE300BB9E69 /* MainPresenter.swift in Sources */ = {isa = PBXBuildFile; fileRef = A5CB4E2B202C9FE300BB9E69 /* MainPresenter.swift */; };
		A5CB4E2E202CA1C800BB9E69 /* CityWeatherForecastView.xib in Resources */ = {isa = PBXBuildFile; fileRef = A5CB4E2D202CA1C800BB9E69 /* CityWeatherForecastView.xib */; };
		A5CB4E30202CA23100BB9E69 /* CityWeatherForecastView.swift in Sources */ = {isa = PBXBuildFile; fileRef = A5CB4E2F202CA23100BB9E69 /* CityWeatherForecastView.swift */; };
		A5CB4E33202CA6B700BB9E69 /* CityWeatherForecast.swift in Sources */ = {isa = PBXBuildFile; fileRef = A5CB4E32202CA6B700BB9E69 /* CityWeatherForecast.swift */; };
		A5CB4E36202CAF3700BB9E69 /* CityRepository.swift in Sources */ = {isa = PBXBuildFile; fileRef = A5CB4E35202CAF3700BB9E69 /* CityRepository.swift */; };
		A5CB4E38202CB75600BB9E69 /* WeatherService.swift in Sources */ = {isa = PBXBuildFile; fileRef = A5CB4E37202CB75600BB9E69 /* WeatherService.swift */; };
		A5CB4E3A202CFE7F00BB9E69 /* AddCityAlertViewController.swift in Sources */ = {isa = PBXBuildFile; fileRef = A5CB4E39202CFE7F00BB9E69 /* AddCityAlertViewController.swift */; };
		A5CB4E43202D0EEB00BB9E69 /* YahooWeatherAPIClient.swift in Sources */ = {isa = PBXBuildFile; fileRef = A5CB4E42202D0EEB00BB9E69 /* YahooWeatherAPIClient.swift */; };
		A5CB4E45202D159000BB9E69 /* DateWeatherCondition.swift in Sources */ = {isa = PBXBuildFile; fileRef = A5CB4E44202D159000BB9E69 /* DateWeatherCondition.swift */; };
		A5CB4E49202D1BD000BB9E69 /* JSONUtils.swift in Sources */ = {isa = PBXBuildFile; fileRef = A5CB4E46202D1BD000BB9E69 /* JSONUtils.swift */; };
		A5CB4E4A202D1BD000BB9E69 /* UrlEncoder.swift in Sources */ = {isa = PBXBuildFile; fileRef = A5CB4E47202D1BD000BB9E69 /* UrlEncoder.swift */; };
		A5CB4E4B202D1BD000BB9E69 /* HTTPUtils.swift in Sources */ = {isa = PBXBuildFile; fileRef = A5CB4E48202D1BD000BB9E69 /* HTTPUtils.swift */; };
/* End PBXBuildFile section */

/* Begin PBXContainerItemProxy section */
		A5CB4E18202C9DD400BB9E69 /* PBXContainerItemProxy */ = {
			isa = PBXContainerItemProxy;
			containerPortal = A5CB4DFB202C9DD300BB9E69 /* Project object */;
			proxyType = 1;
			remoteGlobalIDString = A5CB4E02202C9DD300BB9E69;
			remoteInfo = OpenweatherApp;
		};
/* End PBXContainerItemProxy section */

/* Begin PBXFileReference section */
		4366902010CA94A791192B90 /* Pods-OpenweatherApp.debug.xcconfig */ = {isa = PBXFileReference; includeInIndex = 1; lastKnownFileType = text.xcconfig; name = "Pods-OpenweatherApp.debug.xcconfig"; path = "Pods/Target Support Files/Pods-OpenweatherApp/Pods-OpenweatherApp.debug.xcconfig"; sourceTree = "<group>"; };
		7C85B409ED4F55F342EA8599 /* Pods_OpenweatherApp.framework */ = {isa = PBXFileReference; explicitFileType = wrapper.framework; includeInIndex = 0; path = Pods_OpenweatherApp.framework; sourceTree = BUILT_PRODUCTS_DIR; };
		914E14552C8D8C0B57D56C12 /* Pods-OpenweatherApp.release.xcconfig */ = {isa = PBXFileReference; includeInIndex = 1; lastKnownFileType = text.xcconfig; name = "Pods-OpenweatherApp.release.xcconfig"; path = "Pods/Target Support Files/Pods-OpenweatherApp/Pods-OpenweatherApp.release.xcconfig"; sourceTree = "<group>"; };
		A5178A3C2033109C00F0781E /* CityWeatherForecastJSONParser.swift */ = {isa = PBXFileReference; lastKnownFileType = sourcecode.swift; path = CityWeatherForecastJSONParser.swift; sourceTree = "<group>"; };
		A5CB4E03202C9DD300BB9E69 /* OpenweatherApp.app */ = {isa = PBXFileReference; explicitFileType = wrapper.application; includeInIndex = 0; path = OpenweatherApp.app; sourceTree = BUILT_PRODUCTS_DIR; };
		A5CB4E06202C9DD400BB9E69 /* AppDelegate.swift */ = {isa = PBXFileReference; lastKnownFileType = sourcecode.swift; path = AppDelegate.swift; sourceTree = "<group>"; };
		A5CB4E08202C9DD400BB9E69 /* MainViewController.swift */ = {isa = PBXFileReference; lastKnownFileType = sourcecode.swift; path = MainViewController.swift; sourceTree = "<group>"; };
		A5CB4E0B202C9DD400BB9E69 /* Base */ = {isa = PBXFileReference; lastKnownFileType = file.storyboard; name = Base; path = Base.lproj/Main.storyboard; sourceTree = "<group>"; };
		A5CB4E0D202C9DD400BB9E69 /* Assets.xcassets */ = {isa = PBXFileReference; lastKnownFileType = folder.assetcatalog; path = Assets.xcassets; sourceTree = "<group>"; };
		A5CB4E10202C9DD400BB9E69 /* Base */ = {isa = PBXFileReference; lastKnownFileType = file.storyboard; name = Base; path = Base.lproj/LaunchScreen.storyboard; sourceTree = "<group>"; };
		A5CB4E12202C9DD400BB9E69 /* Info.plist */ = {isa = PBXFileReference; lastKnownFileType = text.plist.xml; path = Info.plist; sourceTree = "<group>"; };
		A5CB4E17202C9DD400BB9E69 /* OpenweatherAppTests.xctest */ = {isa = PBXFileReference; explicitFileType = wrapper.cfbundle; includeInIndex = 0; path = OpenweatherAppTests.xctest; sourceTree = BUILT_PRODUCTS_DIR; };
		A5CB4E1B202C9DD400BB9E69 /* OpenweatherAppTests.swift */ = {isa = PBXFileReference; lastKnownFileType = sourcecode.swift; path = OpenweatherAppTests.swift; sourceTree = "<group>"; };
		A5CB4E1D202C9DD400BB9E69 /* Info.plist */ = {isa = PBXFileReference; lastKnownFileType = text.plist.xml; path = Info.plist; sourceTree = "<group>"; };
		A5CB4E27202C9F7200BB9E69 /* MainViewProtocol.swift */ = {isa = PBXFileReference; lastKnownFileType = sourcecode.swift; path = MainViewProtocol.swift; sourceTree = "<group>"; };
		A5CB4E29202C9FBF00BB9E69 /* MainPresenterProtocol.swift */ = {isa = PBXFileReference; lastKnownFileType = sourcecode.swift; path = MainPresenterProtocol.swift; sourceTree = "<group>"; };
		A5CB4E2B202C9FE300BB9E69 /* MainPresenter.swift */ = {isa = PBXFileReference; lastKnownFileType = sourcecode.swift; path = MainPresenter.swift; sourceTree = "<group>"; };
		A5CB4E2D202CA1C800BB9E69 /* CityWeatherForecastView.xib */ = {isa = PBXFileReference; lastKnownFileType = file.xib; path = CityWeatherForecastView.xib; sourceTree = "<group>"; };
		A5CB4E2F202CA23100BB9E69 /* CityWeatherForecastView.swift */ = {isa = PBXFileReference; lastKnownFileType = sourcecode.swift; path = CityWeatherForecastView.swift; sourceTree = "<group>"; };
		A5CB4E32202CA6B700BB9E69 /* CityWeatherForecast.swift */ = {isa = PBXFileReference; lastKnownFileType = sourcecode.swift; path = CityWeatherForecast.swift; sourceTree = "<group>"; };
		A5CB4E35202CAF3700BB9E69 /* CityRepository.swift */ = {isa = PBXFileReference; lastKnownFileType = sourcecode.swift; path = CityRepository.swift; sourceTree = "<group>"; };
		A5CB4E37202CB75600BB9E69 /* WeatherService.swift */ = {isa = PBXFileReference; lastKnownFileType = sourcecode.swift; path = WeatherService.swift; sourceTree = "<group>"; };
		A5CB4E39202CFE7F00BB9E69 /* AddCityAlertViewController.swift */ = {isa = PBXFileReference; lastKnownFileType = sourcecode.swift; path = AddCityAlertViewController.swift; sourceTree = "<group>"; };
		A5CB4E42202D0EEB00BB9E69 /* YahooWeatherAPIClient.swift */ = {isa = PBXFileReference; lastKnownFileType = sourcecode.swift; path = YahooWeatherAPIClient.swift; sourceTree = "<group>"; };
		A5CB4E44202D159000BB9E69 /* DateWeatherCondition.swift */ = {isa = PBXFileReference; lastKnownFileType = sourcecode.swift; path = DateWeatherCondition.swift; sourceTree = "<group>"; };
		A5CB4E46202D1BD000BB9E69 /* JSONUtils.swift */ = {isa = PBXFileReference; fileEncoding = 4; lastKnownFileType = sourcecode.swift; path = JSONUtils.swift; sourceTree = "<group>"; };
		A5CB4E47202D1BD000BB9E69 /* UrlEncoder.swift */ = {isa = PBXFileReference; fileEncoding = 4; lastKnownFileType = sourcecode.swift; path = UrlEncoder.swift; sourceTree = "<group>"; };
		A5CB4E48202D1BD000BB9E69 /* HTTPUtils.swift */ = {isa = PBXFileReference; fileEncoding = 4; lastKnownFileType = sourcecode.swift; path = HTTPUtils.swift; sourceTree = "<group>"; };
/* End PBXFileReference section */

/* Begin PBXFrameworksBuildPhase section */
		A5CB4E00202C9DD300BB9E69 /* Frameworks */ = {
			isa = PBXFrameworksBuildPhase;
			buildActionMask = 2147483647;
			files = (
				9AEFA7D716EAFE7DC3F66090 /* Pods_OpenweatherApp.framework in Frameworks */,
			);
			runOnlyForDeploymentPostprocessing = 0;
		};
		A5CB4E14202C9DD400BB9E69 /* Frameworks */ = {
			isa = PBXFrameworksBuildPhase;
			buildActionMask = 2147483647;
			files = (
			);
			runOnlyForDeploymentPostprocessing = 0;
		};
/* End PBXFrameworksBuildPhase section */

/* Begin PBXGroup section */
		A5CB4DFA202C9DD300BB9E69 = {
			isa = PBXGroup;
			children = (
				A5CB4E05202C9DD300BB9E69 /* OpenweatherApp */,
				A5CB4E1A202C9DD400BB9E69 /* OpenweatherAppTests */,
				A5CB4E04202C9DD300BB9E69 /* Products */,
				F752FE28B78BD6961D33FCBA /* Pods */,
				C90E97FF125A7D65872F67BA /* Frameworks */,
			);
			sourceTree = "<group>";
		};
		A5CB4E04202C9DD300BB9E69 /* Products */ = {
			isa = PBXGroup;
			children = (
				A5CB4E03202C9DD300BB9E69 /* OpenweatherApp.app */,
				A5CB4E17202C9DD400BB9E69 /* OpenweatherAppTests.xctest */,
			);
			name = Products;
			sourceTree = "<group>";
		};
		A5CB4E05202C9DD300BB9E69 /* OpenweatherApp */ = {
			isa = PBXGroup;
			children = (
				A5CB4E3B202D0DD700BB9E69 /* Utils */,
				A5CB4E34202CAED800BB9E69 /* Service */,
				A5CB4E31202CA6A200BB9E69 /* Model */,
				A5CB4E26202C9E4700BB9E69 /* View */,
				A5CB4E06202C9DD400BB9E69 /* AppDelegate.swift */,
				A5CB4E0A202C9DD400BB9E69 /* Main.storyboard */,
				A5CB4E0D202C9DD400BB9E69 /* Assets.xcassets */,
				A5CB4E0F202C9DD400BB9E69 /* LaunchScreen.storyboard */,
				A5CB4E12202C9DD400BB9E69 /* Info.plist */,
			);
			path = OpenweatherApp;
			sourceTree = "<group>";
		};
		A5CB4E1A202C9DD400BB9E69 /* OpenweatherAppTests */ = {
			isa = PBXGroup;
			children = (
				A5CB4E1B202C9DD400BB9E69 /* OpenweatherAppTests.swift */,
				A5CB4E1D202C9DD400BB9E69 /* Info.plist */,
			);
			path = OpenweatherAppTests;
			sourceTree = "<group>";
		};
		A5CB4E26202C9E4700BB9E69 /* View */ = {
			isa = PBXGroup;
			children = (
				A5CB4E08202C9DD400BB9E69 /* MainViewController.swift */,
				A5CB4E27202C9F7200BB9E69 /* MainViewProtocol.swift */,
				A5CB4E29202C9FBF00BB9E69 /* MainPresenterProtocol.swift */,
				A5CB4E2B202C9FE300BB9E69 /* MainPresenter.swift */,
				A5CB4E2D202CA1C800BB9E69 /* CityWeatherForecastView.xib */,
				A5CB4E2F202CA23100BB9E69 /* CityWeatherForecastView.swift */,
				A5CB4E39202CFE7F00BB9E69 /* AddCityAlertViewController.swift */,
			);
			path = View;
			sourceTree = "<group>";
		};
		A5CB4E31202CA6A200BB9E69 /* Model */ = {
			isa = PBXGroup;
			children = (
				A5CB4E32202CA6B700BB9E69 /* CityWeatherForecast.swift */,
				A5CB4E44202D159000BB9E69 /* DateWeatherCondition.swift */,
			);
			path = Model;
			sourceTree = "<group>";
		};
		A5CB4E34202CAED800BB9E69 /* Service */ = {
			isa = PBXGroup;
			children = (
				A5CB4E35202CAF3700BB9E69 /* CityRepository.swift */,
				A5CB4E37202CB75600BB9E69 /* WeatherService.swift */,
				A5CB4E42202D0EEB00BB9E69 /* YahooWeatherAPIClient.swift */,
				A5178A3C2033109C00F0781E /* CityWeatherForecastJSONParser.swift */,
			);
			path = Service;
			sourceTree = "<group>";
		};
		A5CB4E3B202D0DD700BB9E69 /* Utils */ = {
			isa = PBXGroup;
			children = (
				A5CB4E48202D1BD000BB9E69 /* HTTPUtils.swift */,
				A5CB4E46202D1BD000BB9E69 /* JSONUtils.swift */,
				A5CB4E47202D1BD000BB9E69 /* UrlEncoder.swift */,
			);
			path = Utils;
			sourceTree = "<group>";
		};
		C90E97FF125A7D65872F67BA /* Frameworks */ = {
			isa = PBXGroup;
			children = (
				7C85B409ED4F55F342EA8599 /* Pods_OpenweatherApp.framework */,
			);
			name = Frameworks;
			sourceTree = "<group>";
		};
		F752FE28B78BD6961D33FCBA /* Pods */ = {
			isa = PBXGroup;
			children = (
				4366902010CA94A791192B90 /* Pods-OpenweatherApp.debug.xcconfig */,
				914E14552C8D8C0B57D56C12 /* Pods-OpenweatherApp.release.xcconfig */,
			);
			name = Pods;
			sourceTree = "<group>";
		};
/* End PBXGroup section */

/* Begin PBXNativeTarget section */
		A5CB4E02202C9DD300BB9E69 /* OpenweatherApp */ = {
			isa = PBXNativeTarget;
			buildConfigurationList = A5CB4E20202C9DD400BB9E69 /* Build configuration list for PBXNativeTarget "OpenweatherApp" */;
			buildPhases = (
				3057E3C944BAA0EF048EFF2D /* [CP] Check Pods Manifest.lock */,
				A5CB4DFF202C9DD300BB9E69 /* Sources */,
				A5CB4E00202C9DD300BB9E69 /* Frameworks */,
				A5CB4E01202C9DD300BB9E69 /* Resources */,
				1CA2C75DE0CAA619A3FCDF81 /* [CP] Embed Pods Frameworks */,
				7420F6B9672EA6F13691E725 /* [CP] Copy Pods Resources */,
			);
			buildRules = (
			);
			dependencies = (
			);
			name = OpenweatherApp;
			productName = OpenweatherApp;
			productReference = A5CB4E03202C9DD300BB9E69 /* OpenweatherApp.app */;
			productType = "com.apple.product-type.application";
		};
		A5CB4E16202C9DD400BB9E69 /* OpenweatherAppTests */ = {
			isa = PBXNativeTarget;
			buildConfigurationList = A5CB4E23202C9DD400BB9E69 /* Build configuration list for PBXNativeTarget "OpenweatherAppTests" */;
			buildPhases = (
				A5CB4E13202C9DD400BB9E69 /* Sources */,
				A5CB4E14202C9DD400BB9E69 /* Frameworks */,
				A5CB4E15202C9DD400BB9E69 /* Resources */,
			);
			buildRules = (
			);
			dependencies = (
				A5CB4E19202C9DD400BB9E69 /* PBXTargetDependency */,
			);
			name = OpenweatherAppTests;
			productName = OpenweatherAppTests;
			productReference = A5CB4E17202C9DD400BB9E69 /* OpenweatherAppTests.xctest */;
			productType = "com.apple.product-type.bundle.unit-test";
		};
/* End PBXNativeTarget section */

/* Begin PBXProject section */
		A5CB4DFB202C9DD300BB9E69 /* Project object */ = {
			isa = PBXProject;
			attributes = {
				LastSwiftUpdateCheck = 0920;
				LastUpgradeCheck = 0920;
				ORGANIZATIONNAME = "Сергей Морозов";
				TargetAttributes = {
					A5CB4E02202C9DD300BB9E69 = {
						CreatedOnToolsVersion = 9.2;
						ProvisioningStyle = Automatic;
					};
					A5CB4E16202C9DD400BB9E69 = {
						CreatedOnToolsVersion = 9.2;
						ProvisioningStyle = Automatic;
						TestTargetID = A5CB4E02202C9DD300BB9E69;
					};
				};
			};
			buildConfigurationList = A5CB4DFE202C9DD300BB9E69 /* Build configuration list for PBXProject "OpenweatherApp" */;
			compatibilityVersion = "Xcode 8.0";
			developmentRegion = en;
			hasScannedForEncodings = 0;
			knownRegions = (
				en,
				Base,
			);
			mainGroup = A5CB4DFA202C9DD300BB9E69;
			productRefGroup = A5CB4E04202C9DD300BB9E69 /* Products */;
			projectDirPath = "";
			projectRoot = "";
			targets = (
				A5CB4E02202C9DD300BB9E69 /* OpenweatherApp */,
				A5CB4E16202C9DD400BB9E69 /* OpenweatherAppTests */,
			);
		};
/* End PBXProject section */

/* Begin PBXResourcesBuildPhase section */
		A5CB4E01202C9DD300BB9E69 /* Resources */ = {
			isa = PBXResourcesBuildPhase;
			buildActionMask = 2147483647;
			files = (
				A5CB4E11202C9DD400BB9E69 /* LaunchScreen.storyboard in Resources */,
				A5CB4E0E202C9DD400BB9E69 /* Assets.xcassets in Resources */,
				A5CB4E0C202C9DD400BB9E69 /* Main.storyboard in Resources */,
				A5CB4E2E202CA1C800BB9E69 /* CityWeatherForecastView.xib in Resources */,
			);
			runOnlyForDeploymentPostprocessing = 0;
		};
		A5CB4E15202C9DD400BB9E69 /* Resources */ = {
			isa = PBXResourcesBuildPhase;
			buildActionMask = 2147483647;
			files = (
			);
			runOnlyForDeploymentPostprocessing = 0;
		};
/* End PBXResourcesBuildPhase section */

/* Begin PBXShellScriptBuildPhase section */
		1CA2C75DE0CAA619A3FCDF81 /* [CP] Embed Pods Frameworks */ = {
			isa = PBXShellScriptBuildPhase;
			buildActionMask = 2147483647;
			files = (
			);
			inputPaths = (
				"${SRCROOT}/Pods/Target Support Files/Pods-OpenweatherApp/Pods-OpenweatherApp-frameworks.sh",
				"${BUILT_PRODUCTS_DIR}/Alamofire/Alamofire.framework",
			);
			name = "[CP] Embed Pods Frameworks";
			outputPaths = (
				"${TARGET_BUILD_DIR}/${FRAMEWORKS_FOLDER_PATH}/Alamofire.framework",
			);
			runOnlyForDeploymentPostprocessing = 0;
			shellPath = /bin/sh;
			shellScript = "\"${SRCROOT}/Pods/Target Support Files/Pods-OpenweatherApp/Pods-OpenweatherApp-frameworks.sh\"\n";
			showEnvVarsInLog = 0;
		};
		3057E3C944BAA0EF048EFF2D /* [CP] Check Pods Manifest.lock */ = {
			isa = PBXShellScriptBuildPhase;
			buildActionMask = 2147483647;
			files = (
			);
			inputPaths = (
				"${PODS_PODFILE_DIR_PATH}/Podfile.lock",
				"${PODS_ROOT}/Manifest.lock",
			);
			name = "[CP] Check Pods Manifest.lock";
			outputPaths = (
				"$(DERIVED_FILE_DIR)/Pods-OpenweatherApp-checkManifestLockResult.txt",
			);
			runOnlyForDeploymentPostprocessing = 0;
			shellPath = /bin/sh;
			shellScript = "diff \"${PODS_PODFILE_DIR_PATH}/Podfile.lock\" \"${PODS_ROOT}/Manifest.lock\" > /dev/null\nif [ $? != 0 ] ; then\n    # print error to STDERR\n    echo \"error: The sandbox is not in sync with the Podfile.lock. Run 'pod install' or update your CocoaPods installation.\" >&2\n    exit 1\nfi\n# This output is used by Xcode 'outputs' to avoid re-running this script phase.\necho \"SUCCESS\" > \"${SCRIPT_OUTPUT_FILE_0}\"\n";
			showEnvVarsInLog = 0;
		};
		7420F6B9672EA6F13691E725 /* [CP] Copy Pods Resources */ = {
			isa = PBXShellScriptBuildPhase;
			buildActionMask = 2147483647;
			files = (
			);
			inputPaths = (
			);
			name = "[CP] Copy Pods Resources";
			outputPaths = (
			);
			runOnlyForDeploymentPostprocessing = 0;
			shellPath = /bin/sh;
			shellScript = "\"${SRCROOT}/Pods/Target Support Files/Pods-OpenweatherApp/Pods-OpenweatherApp-resources.sh\"\n";
			showEnvVarsInLog = 0;
		};
/* End PBXShellScriptBuildPhase section */

/* Begin PBXSourcesBuildPhase section */
		A5CB4DFF202C9DD300BB9E69 /* Sources */ = {
			isa = PBXSourcesBuildPhase;
			buildActionMask = 2147483647;
			files = (
				A5CB4E4A202D1BD000BB9E69 /* UrlEncoder.swift in Sources */,
				A5CB4E3A202CFE7F00BB9E69 /* AddCityAlertViewController.swift in Sources */,
				A5CB4E36202CAF3700BB9E69 /* CityRepository.swift in Sources */,
				A5CB4E38202CB75600BB9E69 /* WeatherService.swift in Sources */,
				A5CB4E49202D1BD000BB9E69 /* JSONUtils.swift in Sources */,
				A5CB4E4B202D1BD000BB9E69 /* HTTPUtils.swift in Sources */,
				A5CB4E2C202C9FE300BB9E69 /* MainPresenter.swift in Sources */,
				A5CB4E28202C9F7200BB9E69 /* MainViewProtocol.swift in Sources */,
				A5CB4E33202CA6B700BB9E69 /* CityWeatherForecast.swift in Sources */,
				A5CB4E2A202C9FBF00BB9E69 /* MainPresenterProtocol.swift in Sources */,
				A5CB4E09202C9DD400BB9E69 /* MainViewController.swift in Sources */,
				A5CB4E07202C9DD400BB9E69 /* AppDelegate.swift in Sources */,
				A5CB4E43202D0EEB00BB9E69 /* YahooWeatherAPIClient.swift in Sources */,
				A5178A3D2033109D00F0781E /* CityWeatherForecastJSONParser.swift in Sources */,
				A5CB4E45202D159000BB9E69 /* DateWeatherCondition.swift in Sources */,
				A5CB4E30202CA23100BB9E69 /* CityWeatherForecastView.swift in Sources */,
			);
			runOnlyForDeploymentPostprocessing = 0;
		};
		A5CB4E13202C9DD400BB9E69 /* Sources */ = {
			isa = PBXSourcesBuildPhase;
			buildActionMask = 2147483647;
			files = (
				A5CB4E1C202C9DD400BB9E69 /* OpenweatherAppTests.swift in Sources */,
			);
			runOnlyForDeploymentPostprocessing = 0;
		};
/* End PBXSourcesBuildPhase section */

/* Begin PBXTargetDependency section */
		A5CB4E19202C9DD400BB9E69 /* PBXTargetDependency */ = {
			isa = PBXTargetDependency;
			target = A5CB4E02202C9DD300BB9E69 /* OpenweatherApp */;
			targetProxy = A5CB4E18202C9DD400BB9E69 /* PBXContainerItemProxy */;
		};
/* End PBXTargetDependency section */

/* Begin PBXVariantGroup section */
		A5CB4E0A202C9DD400BB9E69 /* Main.storyboard */ = {
			isa = PBXVariantGroup;
			children = (
				A5CB4E0B202C9DD400BB9E69 /* Base */,
			);
			name = Main.storyboard;
			sourceTree = "<group>";
		};
		A5CB4E0F202C9DD400BB9E69 /* LaunchScreen.storyboard */ = {
			isa = PBXVariantGroup;
			children = (
				A5CB4E10202C9DD400BB9E69 /* Base */,
			);
			name = LaunchScreen.storyboard;
			sourceTree = "<group>";
		};
/* End PBXVariantGroup section */

/* Begin XCBuildConfiguration section */
		A5CB4E1E202C9DD400BB9E69 /* Debug */ = {
			isa = XCBuildConfiguration;
			buildSettings = {
				ALWAYS_SEARCH_USER_PATHS = NO;
				CLANG_ANALYZER_NONNULL = YES;
				CLANG_ANALYZER_NUMBER_OBJECT_CONVERSION = YES_AGGRESSIVE;
				CLANG_CXX_LANGUAGE_STANDARD = "gnu++14";
				CLANG_CXX_LIBRARY = "libc++";
				CLANG_ENABLE_MODULES = YES;
				CLANG_ENABLE_OBJC_ARC = YES;
				CLANG_WARN_BLOCK_CAPTURE_AUTORELEASING = YES;
				CLANG_WARN_BOOL_CONVERSION = YES;
				CLANG_WARN_COMMA = YES;
				CLANG_WARN_CONSTANT_CONVERSION = YES;
				CLANG_WARN_DIRECT_OBJC_ISA_USAGE = YES_ERROR;
				CLANG_WARN_DOCUMENTATION_COMMENTS = YES;
				CLANG_WARN_EMPTY_BODY = YES;
				CLANG_WARN_ENUM_CONVERSION = YES;
				CLANG_WARN_INFINITE_RECURSION = YES;
				CLANG_WARN_INT_CONVERSION = YES;
				CLANG_WARN_NON_LITERAL_NULL_CONVERSION = YES;
				CLANG_WARN_OBJC_LITERAL_CONVERSION = YES;
				CLANG_WARN_OBJC_ROOT_CLASS = YES_ERROR;
				CLANG_WARN_RANGE_LOOP_ANALYSIS = YES;
				CLANG_WARN_STRICT_PROTOTYPES = YES;
				CLANG_WARN_SUSPICIOUS_MOVE = YES;
				CLANG_WARN_UNGUARDED_AVAILABILITY = YES_AGGRESSIVE;
				CLANG_WARN_UNREACHABLE_CODE = YES;
				CLANG_WARN__DUPLICATE_METHOD_MATCH = YES;
				CODE_SIGN_IDENTITY = "iPhone Developer";
				COPY_PHASE_STRIP = NO;
				DEBUG_INFORMATION_FORMAT = dwarf;
				ENABLE_STRICT_OBJC_MSGSEND = YES;
				ENABLE_TESTABILITY = YES;
				GCC_C_LANGUAGE_STANDARD = gnu11;
				GCC_DYNAMIC_NO_PIC = NO;
				GCC_NO_COMMON_BLOCKS = YES;
				GCC_OPTIMIZATION_LEVEL = 0;
				GCC_PREPROCESSOR_DEFINITIONS = (
					"DEBUG=1",
					"$(inherited)",
				);
				GCC_WARN_64_TO_32_BIT_CONVERSION = YES;
				GCC_WARN_ABOUT_RETURN_TYPE = YES_ERROR;
				GCC_WARN_UNDECLARED_SELECTOR = YES;
				GCC_WARN_UNINITIALIZED_AUTOS = YES_AGGRESSIVE;
				GCC_WARN_UNUSED_FUNCTION = YES;
				GCC_WARN_UNUSED_VARIABLE = YES;
				IPHONEOS_DEPLOYMENT_TARGET = 11.2;
				MTL_ENABLE_DEBUG_INFO = YES;
				ONLY_ACTIVE_ARCH = YES;
				SDKROOT = iphoneos;
				SWIFT_ACTIVE_COMPILATION_CONDITIONS = DEBUG;
				SWIFT_OPTIMIZATION_LEVEL = "-Onone";
			};
			name = Debug;
		};
		A5CB4E1F202C9DD400BB9E69 /* Release */ = {
			isa = XCBuildConfiguration;
			buildSettings = {
				ALWAYS_SEARCH_USER_PATHS = NO;
				CLANG_ANALYZER_NONNULL = YES;
				CLANG_ANALYZER_NUMBER_OBJECT_CONVERSION = YES_AGGRESSIVE;
				CLANG_CXX_LANGUAGE_STANDARD = "gnu++14";
				CLANG_CXX_LIBRARY = "libc++";
				CLANG_ENABLE_MODULES = YES;
				CLANG_ENABLE_OBJC_ARC = YES;
				CLANG_WARN_BLOCK_CAPTURE_AUTORELEASING = YES;
				CLANG_WARN_BOOL_CONVERSION = YES;
				CLANG_WARN_COMMA = YES;
				CLANG_WARN_CONSTANT_CONVERSION = YES;
				CLANG_WARN_DIRECT_OBJC_ISA_USAGE = YES_ERROR;
				CLANG_WARN_DOCUMENTATION_COMMENTS = YES;
				CLANG_WARN_EMPTY_BODY = YES;
				CLANG_WARN_ENUM_CONVERSION = YES;
				CLANG_WARN_INFINITE_RECURSION = YES;
				CLANG_WARN_INT_CONVERSION = YES;
				CLANG_WARN_NON_LITERAL_NULL_CONVERSION = YES;
				CLANG_WARN_OBJC_LITERAL_CONVERSION = YES;
				CLANG_WARN_OBJC_ROOT_CLASS = YES_ERROR;
				CLANG_WARN_RANGE_LOOP_ANALYSIS = YES;
				CLANG_WARN_STRICT_PROTOTYPES = YES;
				CLANG_WARN_SUSPICIOUS_MOVE = YES;
				CLANG_WARN_UNGUARDED_AVAILABILITY = YES_AGGRESSIVE;
				CLANG_WARN_UNREACHABLE_CODE = YES;
				CLANG_WARN__DUPLICATE_METHOD_MATCH = YES;
				CODE_SIGN_IDENTITY = "iPhone Developer";
				COPY_PHASE_STRIP = NO;
				DEBUG_INFORMATION_FORMAT = "dwarf-with-dsym";
				ENABLE_NS_ASSERTIONS = NO;
				ENABLE_STRICT_OBJC_MSGSEND = YES;
				GCC_C_LANGUAGE_STANDARD = gnu11;
				GCC_NO_COMMON_BLOCKS = YES;
				GCC_WARN_64_TO_32_BIT_CONVERSION = YES;
				GCC_WARN_ABOUT_RETURN_TYPE = YES_ERROR;
				GCC_WARN_UNDECLARED_SELECTOR = YES;
				GCC_WARN_UNINITIALIZED_AUTOS = YES_AGGRESSIVE;
				GCC_WARN_UNUSED_FUNCTION = YES;
				GCC_WARN_UNUSED_VARIABLE = YES;
				IPHONEOS_DEPLOYMENT_TARGET = 11.2;
				MTL_ENABLE_DEBUG_INFO = NO;
				SDKROOT = iphoneos;
				SWIFT_OPTIMIZATION_LEVEL = "-Owholemodule";
				VALIDATE_PRODUCT = YES;
			};
			name = Release;
		};
		A5CB4E21202C9DD400BB9E69 /* Debug */ = {
			isa = XCBuildConfiguration;
			baseConfigurationReference = 4366902010CA94A791192B90 /* Pods-OpenweatherApp.debug.xcconfig */;
			buildSettings = {
				ASSETCATALOG_COMPILER_APPICON_NAME = AppIcon;
				CODE_SIGN_STYLE = Automatic;
				DEVELOPMENT_TEAM = W28ZX6NAP3;
				INFOPLIST_FILE = OpenweatherApp/Info.plist;
				IPHONEOS_DEPLOYMENT_TARGET = 10.3;
				LD_RUNPATH_SEARCH_PATHS = "$(inherited) @executable_path/Frameworks";
				PRODUCT_BUNDLE_IDENTIFIER = mytests.OpenweatherApp;
				PRODUCT_NAME = "$(TARGET_NAME)";
				SWIFT_VERSION = 4.0;
				TARGETED_DEVICE_FAMILY = "1,2";
			};
			name = Debug;
		};
		A5CB4E22202C9DD400BB9E69 /* Release */ = {
			isa = XCBuildConfiguration;
			baseConfigurationReference = 914E14552C8D8C0B57D56C12 /* Pods-OpenweatherApp.release.xcconfig */;
			buildSettings = {
				ASSETCATALOG_COMPILER_APPICON_NAME = AppIcon;
				CODE_SIGN_STYLE = Automatic;
				DEVELOPMENT_TEAM = W28ZX6NAP3;
				INFOPLIST_FILE = OpenweatherApp/Info.plist;
				IPHONEOS_DEPLOYMENT_TARGET = 10.3;
				LD_RUNPATH_SEARCH_PATHS = "$(inherited) @executable_path/Frameworks";
				PRODUCT_BUNDLE_IDENTIFIER = mytests.OpenweatherApp;
				PRODUCT_NAME = "$(TARGET_NAME)";
				SWIFT_VERSION = 4.0;
				TARGETED_DEVICE_FAMILY = "1,2";
			};
			name = Release;
		};
		A5CB4E24202C9DD400BB9E69 /* Debug */ = {
			isa = XCBuildConfiguration;
			buildSettings = {
				ALWAYS_EMBED_SWIFT_STANDARD_LIBRARIES = YES;
				BUNDLE_LOADER = "$(TEST_HOST)";
				CODE_SIGN_STYLE = Automatic;
				DEVELOPMENT_TEAM = W28ZX6NAP3;
				INFOPLIST_FILE = OpenweatherAppTests/Info.plist;
				LD_RUNPATH_SEARCH_PATHS = "$(inherited) @executable_path/Frameworks @loader_path/Frameworks";
				PRODUCT_BUNDLE_IDENTIFIER = mytests.OpenweatherAppTests;
				PRODUCT_NAME = "$(TARGET_NAME)";
				SWIFT_VERSION = 4.0;
				TARGETED_DEVICE_FAMILY = "1,2";
				TEST_HOST = "$(BUILT_PRODUCTS_DIR)/OpenweatherApp.app/OpenweatherApp";
			};
			name = Debug;
		};
		A5CB4E25202C9DD400BB9E69 /* Release */ = {
			isa = XCBuildConfiguration;
			buildSettings = {
				ALWAYS_EMBED_SWIFT_STANDARD_LIBRARIES = YES;
				BUNDLE_LOADER = "$(TEST_HOST)";
				CODE_SIGN_STYLE = Automatic;
				DEVELOPMENT_TEAM = W28ZX6NAP3;
				INFOPLIST_FILE = OpenweatherAppTests/Info.plist;
				LD_RUNPATH_SEARCH_PATHS = "$(inherited) @executable_path/Frameworks @loader_path/Frameworks";
				PRODUCT_BUNDLE_IDENTIFIER = mytests.OpenweatherAppTests;
				PRODUCT_NAME = "$(TARGET_NAME)";
				SWIFT_VERSION = 4.0;
				TARGETED_DEVICE_FAMILY = "1,2";
				TEST_HOST = "$(BUILT_PRODUCTS_DIR)/OpenweatherApp.app/OpenweatherApp";
			};
			name = Release;
		};
/* End XCBuildConfiguration section */

/* Begin XCConfigurationList section */
		A5CB4DFE202C9DD300BB9E69 /* Build configuration list for PBXProject "OpenweatherApp" */ = {
			isa = XCConfigurationList;
			buildConfigurations = (
				A5CB4E1E202C9DD400BB9E69 /* Debug */,
				A5CB4E1F202C9DD400BB9E69 /* Release */,
			);
			defaultConfigurationIsVisible = 0;
			defaultConfigurationName = Release;
		};
		A5CB4E20202C9DD400BB9E69 /* Build configuration list for PBXNativeTarget "OpenweatherApp" */ = {
			isa = XCConfigurationList;
			buildConfigurations = (
				A5CB4E21202C9DD400BB9E69 /* Debug */,
				A5CB4E22202C9DD400BB9E69 /* Release */,
			);
			defaultConfigurationIsVisible = 0;
			defaultConfigurationName = Release;
		};
		A5CB4E23202C9DD400BB9E69 /* Build configuration list for PBXNativeTarget "OpenweatherAppTests" */ = {
			isa = XCConfigurationList;
			buildConfigurations = (
				A5CB4E24202C9DD400BB9E69 /* Debug */,
				A5CB4E25202C9DD400BB9E69 /* Release */,
			);
			defaultConfigurationIsVisible = 0;
			defaultConfigurationName = Release;
		};
/* End XCConfigurationList section */
	};
	rootObject = A5CB4DFB202C9DD300BB9E69 /* Project object */;
}
